
Microsoft Visual Studio Solution File, Format Version 12.00
# Visual Studio Version 17
VisualStudioVersion = 17.7.34221.43
MinimumVisualStudioVersion = 10.0.40219.1
Project("{888888A0-9F3D-457C-B088-3A5042F75D52}") = "TourMockApp", "TourMockApp\TourMockApp.pyproj", "{73BDDA30-71FB-480E-BB9F-ED4B5ECD042E}"
EndProject
Project("{2150E333-8FDC-42A3-9474-1A3956D46DE8}") = "Solution Items", "Solution Items", "{E3193B4B-3DA7-4412-9D9D-A56F0D1E0919}"
	ProjectSection(SolutionItems) = preProject
		README.md = README.md
	EndProjectSection
EndProject
Global
	GlobalSection(SolutionConfigurationPlatforms) = preSolution
		Debug|Any CPU = Debug|Any CPU
		Release|Any CPU = Release|Any CPU
	EndGlobalSection
	GlobalSection(ProjectConfigurationPlatforms) = postSolution
		{73BDDA30-71FB-480E-BB9F-ED4B5ECD042E}.Debug|Any CPU.ActiveCfg = Debug|Any CPU
		{73BDDA30-71FB-480E-BB9F-ED4B5ECD042E}.Release|Any CPU.ActiveCfg = Release|Any CPU
	EndGlobalSection
	GlobalSection(SolutionProperties) = preSolution
		HideSolutionNode = FALSE
	EndGlobalSection
	GlobalSection(ExtensibilityGlobals) = postSolution
		SolutionGuid = {64EA1BBB-86B0-4EDD-B351-E5FBC4DEA428}
	EndGlobalSection
EndGlobal
